
Microsoft Visual Studio Solution File, Format Version 12.00
# Visual Studio Version 17
VisualStudioVersion = 17.7.34202.233
MinimumVisualStudioVersion = 10.0.40219.1
Project("{8BC9CEB8-8B4A-11D0-8D11-00A0C91BC942}") = "ap_6.1 it", "ap_6.1 it\ap_6.1 it.vcxproj", "{CADCBD91-8F79-4833-9449-61A47BE51009}"
EndProject
Project("{8BC9CEB8-8B4A-11D0-8D11-00A0C91BC942}") = "UnitTest6.1 it", "UnitTest6.1 it\UnitTest6.1 it.vcxproj", "{DA0936FC-2703-4FC9-869E-8103381E0F73}"
EndProject
Global
	GlobalSection(SolutionConfigurationPlatforms) = preSolution
		Debug|x64 = Debug|x64
		Debug|x86 = Debug|x86
		Release|x64 = Release|x64
		Release|x86 = Release|x86
	EndGlobalSection
	GlobalSection(ProjectConfigurationPlatforms) = postSolution
		{CADCBD91-8F79-4833-9449-61A47BE51009}.Debug|x64.ActiveCfg = Debug|x64
		{CADCBD91-8F79-4833-9449-61A47BE51009}.Debug|x64.Build.0 = Debug|x64
		{CADCBD91-8F79-4833-9449-61A47BE51009}.Debug|x86.ActiveCfg = Debug|Win32
		{CADCBD91-8F79-4833-9449-61A47BE51009}.Debug|x86.Build.0 = Debug|Win32
		{CADCBD91-8F79-4833-9449-61A47BE51009}.Release|x64.ActiveCfg = Release|x64
		{CADCBD91-8F79-4833-9449-61A47BE51009}.Release|x64.Build.0 = Release|x64
		{CADCBD91-8F79-4833-9449-61A47BE51009}.Release|x86.ActiveCfg = Release|Win32
		{CADCBD91-8F79-4833-9449-61A47BE51009}.Release|x86.Build.0 = Release|Win32
		{DA0936FC-2703-4FC9-869E-8103381E0F73}.Debug|x64.ActiveCfg = Debug|x64
		{DA0936FC-2703-4FC9-869E-8103381E0F73}.Debug|x64.Build.0 = Debug|x64
		{DA0936FC-2703-4FC9-869E-8103381E0F73}.Debug|x86.ActiveCfg = Debug|Win32
		{DA0936FC-2703-4FC9-869E-8103381E0F73}.Debug|x86.Build.0 = Debug|Win32
		{DA0936FC-2703-4FC9-869E-8103381E0F73}.Release|x64.ActiveCfg = Release|x64
		{DA0936FC-2703-4FC9-869E-8103381E0F73}.Release|x64.Build.0 = Release|x64
		{DA0936FC-2703-4FC9-869E-8103381E0F73}.Release|x86.ActiveCfg = Release|Win32
		{DA0936FC-2703-4FC9-869E-8103381E0F73}.Release|x86.Build.0 = Release|Win32
	EndGlobalSection
	GlobalSection(SolutionProperties) = preSolution
		HideSolutionNode = FALSE
	EndGlobalSection
	GlobalSection(ExtensibilityGlobals) = postSolution
		SolutionGuid = {5BBFC1AD-451B-4E94-B93E-66DC112905C1}
	EndGlobalSection
EndGlobal
